# This file is automatically @generated by Cargo.
# It is not intended for manual editing.
version = 3

[[package]]
name = "bytecursor"
version = "0.1.0"
dependencies = [
 "sp-std",
]

[[package]]
name = "sp-std"
version = "3.0.0"
source = "registry+https://github.com/rust-lang/crates.io-index"
checksum = "35391ea974fa5ee869cb094d5b437688fbf3d8127d64d1b9fed5822a1ed39b12"
